
Microsoft Visual Studio Solution File, Format Version 12.00
# Visual Studio Version 16
VisualStudioVersion = 16.0.29418.71
MinimumVisualStudioVersion = 10.0.40219.1
Project("{9A19103F-16F7-4668-BE54-9A1E7A4F7556}") = "PlayersAndDices", "PlayersAndDices\PlayersAndDices.csproj", "{3FEA7498-35C7-4DFE-8F91-61C611AEE189}"
EndProject
Project("{9A19103F-16F7-4668-BE54-9A1E7A4F7556}") = "PlayersAndDices.Core", "PlayersAndDices.Core\PlayersAndDices.Core.csproj", "{82265D86-E6C5-4F36-9955-80B712F3C204}"
EndProject
Project("{FAE04EC0-301F-11D3-BF4B-00C04F79EFBC}") = "PlayersAndDices.TheDarkEye", "PlayersAndDices.TheDarkEye\PlayersAndDices.TheDarkEye.csproj", "{E9243D40-E864-47FC-8E93-82EF5D66F252}"
EndProject
Global
	GlobalSection(SolutionConfigurationPlatforms) = preSolution
		Debug|Any CPU = Debug|Any CPU
		Release|Any CPU = Release|Any CPU
	EndGlobalSection
	GlobalSection(ProjectConfigurationPlatforms) = postSolution
		{3FEA7498-35C7-4DFE-8F91-61C611AEE189}.Debug|Any CPU.ActiveCfg = Debug|Any CPU
		{3FEA7498-35C7-4DFE-8F91-61C611AEE189}.Debug|Any CPU.Build.0 = Debug|Any CPU
		{3FEA7498-35C7-4DFE-8F91-61C611AEE189}.Release|Any CPU.ActiveCfg = Release|Any CPU
		{3FEA7498-35C7-4DFE-8F91-61C611AEE189}.Release|Any CPU.Build.0 = Release|Any CPU
		{82265D86-E6C5-4F36-9955-80B712F3C204}.Debug|Any CPU.ActiveCfg = Debug|Any CPU
		{82265D86-E6C5-4F36-9955-80B712F3C204}.Debug|Any CPU.Build.0 = Debug|Any CPU
		{82265D86-E6C5-4F36-9955-80B712F3C204}.Release|Any CPU.ActiveCfg = Release|Any CPU
		{82265D86-E6C5-4F36-9955-80B712F3C204}.Release|Any CPU.Build.0 = Release|Any CPU
		{E9243D40-E864-47FC-8E93-82EF5D66F252}.Debug|Any CPU.ActiveCfg = Debug|Any CPU
		{E9243D40-E864-47FC-8E93-82EF5D66F252}.Debug|Any CPU.Build.0 = Debug|Any CPU
		{E9243D40-E864-47FC-8E93-82EF5D66F252}.Release|Any CPU.ActiveCfg = Release|Any CPU
		{E9243D40-E864-47FC-8E93-82EF5D66F252}.Release|Any CPU.Build.0 = Release|Any CPU
	EndGlobalSection
	GlobalSection(SolutionProperties) = preSolution
		HideSolutionNode = FALSE
	EndGlobalSection
	GlobalSection(ExtensibilityGlobals) = postSolution
		SolutionGuid = {45767FE2-5EC4-48A2-B9D8-16A38EB2ADAD}
	EndGlobalSection
EndGlobal
